
Microsoft Visual Studio Solution File, Format Version 12.00
# Visual Studio Version 17
VisualStudioVersion = 17.12.35707.178
MinimumVisualStudioVersion = 10.0.40219.1
Project("{FAE04EC0-301F-11D3-BF4B-00C04F79EFBC}") = "Gibbed.DeusEx3.FileFormats", "Gibbed.DeusEx3.FileFormats\Gibbed.DeusEx3.FileFormats.csproj", "{1164E433-3016-4687-8C4B-D772CB3B42C5}"
EndProject
Project("{FAE04EC0-301F-11D3-BF4B-00C04F79EFBC}") = "Gibbed.IO", "Gibbed.IO\Gibbed.IO.csproj", "{047857BA-DAA3-4CA7-AFB8-A1B082B28C6A}"
EndProject
Project("{FAE04EC0-301F-11D3-BF4B-00C04F79EFBC}") = "NDesk.Options", "NDesk.Options\NDesk.Options.csproj", "{C98A6CD6-9422-4B35-8B7A-F520D75534D1}"
EndProject
Project("{FAE04EC0-301F-11D3-BF4B-00C04F79EFBC}") = "Gibbed.ProjectData", "Gibbed.ProjectData\Gibbed.ProjectData.csproj", "{F27A289E-3376-4653-89F3-D19C1ECABF33}"
EndProject
Project("{FAE04EC0-301F-11D3-BF4B-00C04F79EFBC}") = "Gibbed.DeusEx3.Unpack", "Gibbed.DeusEx3.Unpack\Gibbed.DeusEx3.Unpack.csproj", "{78A8A0BB-4B7C-43E6-B05E-A128180CF69A}"
EndProject
Project("{FAE04EC0-301F-11D3-BF4B-00C04F79EFBC}") = "Gibbed.DeusEx3.Pack", "Gibbed.DeusEx3.Pack\Gibbed.DeusEx3.Pack.csproj", "{D83D305F-5127-48B5-8995-DFFBB2BE95B9}"
EndProject
Project("{FAE04EC0-301F-11D3-BF4B-00C04F79EFBC}") = "Gibbed.DeusEx3.DRMEdit", "Gibbed.DeusEx3.DRMEdit\Gibbed.DeusEx3.DRMEdit.csproj", "{7189FA0A-DE18-4CB8-B058-12E5449A4373}"
EndProject
Project("{FAE04EC0-301F-11D3-BF4B-00C04F79EFBC}") = "Gibbed.Squish", "Gibbed.Squish\Gibbed.Squish.csproj", "{242D0738-AA4C-4C9C-A218-891A8F55559C}"
EndProject
Project("{FAE04EC0-301F-11D3-BF4B-00C04F79EFBC}") = "Gibbed.DeusEx3.Demux", "Gibbed.DeusEx3.Demux\Gibbed.DeusEx3.Demux.csproj", "{0A55F475-BD38-4184-AF11-DC5CFA3E7E3A}"
EndProject
Project("{FAE04EC0-301F-11D3-BF4B-00C04F79EFBC}") = "Gibbed.DeusEx3.DRMDecompress", "Gibbed.DeusEx3.DRMDecompress\Gibbed.DeusEx3.DRMDecompress.csproj", "{669A7448-75A1-44A3-BB02-C9F96564037D}"
EndProject
Project("{FAE04EC0-301F-11D3-BF4B-00C04F79EFBC}") = "Gibbed.DeusEx3.DRMUnpack", "Gibbed.DeusEx3.DRMUnpack\Gibbed.DeusEx3.DRMUnpack.csproj", "{1667BB83-E5EC-4C2D-894C-B24DF8CF154C}"
EndProject
Project("{2150E333-8FDC-42A3-9474-1A3956D46DE8}") = "Deus Ex 3", "Deus Ex 3", "{74840258-ADDD-4760-98AD-2BD46F5E31C6}"
EndProject
Project("{2150E333-8FDC-42A3-9474-1A3956D46DE8}") = "Tomb Raider", "Tomb Raider", "{2B5008B5-BCB1-4107-B355-0ABCF04A635C}"
EndProject
Project("{2150E333-8FDC-42A3-9474-1A3956D46DE8}") = "Misc", "Misc", "{0F125B96-D76D-4376-A62A-1559D388273F}"
EndProject
Project("{2150E333-8FDC-42A3-9474-1A3956D46DE8}") = "Games", "Games", "{26973D13-0D42-46E3-98F7-4807386B173A}"
EndProject
Project("{2150E333-8FDC-42A3-9474-1A3956D46DE8}") = "Engine", "Engine", "{438E6E61-E3AD-418F-9D07-7BE863BE345A}"
EndProject
Project("{FAE04EC0-301F-11D3-BF4B-00C04F79EFBC}") = "Gibbed.CrystalDynamics.FileFormats", "Gibbed.CrystalDynamics.FileFormats\Gibbed.CrystalDynamics.FileFormats.csproj", "{2F2E00FA-694C-4A3D-BC83-710D35426782}"
EndProject
Project("{FAE04EC0-301F-11D3-BF4B-00C04F79EFBC}") = "Gibbed.DeusEx3.RebuildFileLists", "Gibbed.DeusEx3.RebuildFileLists\Gibbed.DeusEx3.RebuildFileLists.csproj", "{FBD60CD3-9F8E-4E61-916F-E4AD4D589DF2}"
EndProject
Project("{FAE04EC0-301F-11D3-BF4B-00C04F79EFBC}") = "Gibbed.TombRaider.Unpack", "Gibbed.TombRaider.Unpack\Gibbed.TombRaider.Unpack.csproj", "{7EC6FA5E-416E-450B-9722-368B9F3103DF}"
EndProject
Project("{FAE04EC0-301F-11D3-BF4B-00C04F79EFBC}") = "Gibbed.TombRaider.RebuildFileLists", "Gibbed.TombRaider.RebuildFileLists\Gibbed.TombRaider.RebuildFileLists.csproj", "{6EF801A1-63D2-4197-B5FA-D6C5A0594A60}"
EndProject
Project("{FAE04EC0-301F-11D3-BF4B-00C04F79EFBC}") = "Gibbed.TombRaider.Pack", "Gibbed.TombRaider.Pack\Gibbed.TombRaider.Pack.csproj", "{8613C85B-B1FD-4CB9-A107-316B6EB4A9FB}"
EndProject
Project("{FAE04EC0-301F-11D3-BF4B-00C04F79EFBC}") = "Gibbed.TombRaider.FileFormats", "Gibbed.TombRaider.FileFormats\Gibbed.TombRaider.FileFormats.csproj", "{1DD8D292-2312-453E-8B76-B41B9F822C6E}"
EndProject
Project("{FAE04EC0-301F-11D3-BF4B-00C04F79EFBC}") = "Gibbed.TombRaider.DRMEdit", "Gibbed.TombRaider.DRMEdit\Gibbed.TombRaider.DRMEdit.csproj", "{E63F94E8-23C9-4730-918C-2423076B855A}"
EndProject
Project("{FAE04EC0-301F-11D3-BF4B-00C04F79EFBC}") = "Gibbed.TombRaider.UnpackTiger", "Gibbed.TombRaider.UnpackTiger\Gibbed.TombRaider.UnpackTiger.csproj", "{A00DAC02-7E49-4822-8845-80DC186145F4}"
EndProject
Project("{2150E333-8FDC-42A3-9474-1A3956D46DE8}") = "Solution Items", "Solution Items", "{D9501827-5939-403C-98FC-705E23D891DF}"
	ProjectSection(SolutionItems) = preProject
		Directory.Build.props = Directory.Build.props
	EndProjectSection
EndProject
Global
	GlobalSection(SolutionConfigurationPlatforms) = preSolution
		Debug|x64 = Debug|x64
		Release|x64 = Release|x64
	EndGlobalSection
	GlobalSection(ProjectConfigurationPlatforms) = postSolution
		{1164E433-3016-4687-8C4B-D772CB3B42C5}.Debug|x64.ActiveCfg = Debug|x64
		{1164E433-3016-4687-8C4B-D772CB3B42C5}.Debug|x64.Build.0 = Debug|x64
		{1164E433-3016-4687-8C4B-D772CB3B42C5}.Release|x64.ActiveCfg = Release|x64
		{1164E433-3016-4687-8C4B-D772CB3B42C5}.Release|x64.Build.0 = Release|x64
		{047857BA-DAA3-4CA7-AFB8-A1B082B28C6A}.Debug|x64.ActiveCfg = Debug|x64
		{047857BA-DAA3-4CA7-AFB8-A1B082B28C6A}.Debug|x64.Build.0 = Debug|x64
		{047857BA-DAA3-4CA7-AFB8-A1B082B28C6A}.Release|x64.ActiveCfg = Release|x64
		{047857BA-DAA3-4CA7-AFB8-A1B082B28C6A}.Release|x64.Build.0 = Release|x64
		{C98A6CD6-9422-4B35-8B7A-F520D75534D1}.Debug|x64.ActiveCfg = Debug|x64
		{C98A6CD6-9422-4B35-8B7A-F520D75534D1}.Debug|x64.Build.0 = Debug|x64
		{C98A6CD6-9422-4B35-8B7A-F520D75534D1}.Release|x64.ActiveCfg = Release|x64
		{C98A6CD6-9422-4B35-8B7A-F520D75534D1}.Release|x64.Build.0 = Release|x64
		{F27A289E-3376-4653-89F3-D19C1ECABF33}.Debug|x64.ActiveCfg = Debug|x64
		{F27A289E-3376-4653-89F3-D19C1ECABF33}.Debug|x64.Build.0 = Debug|x64
		{F27A289E-3376-4653-89F3-D19C1ECABF33}.Release|x64.ActiveCfg = Release|x64
		{F27A289E-3376-4653-89F3-D19C1ECABF33}.Release|x64.Build.0 = Release|x64
		{78A8A0BB-4B7C-43E6-B05E-A128180CF69A}.Debug|x64.ActiveCfg = Debug|x64
		{78A8A0BB-4B7C-43E6-B05E-A128180CF69A}.Debug|x64.Build.0 = Debug|x64
		{78A8A0BB-4B7C-43E6-B05E-A128180CF69A}.Release|x64.ActiveCfg = Release|x64
		{78A8A0BB-4B7C-43E6-B05E-A128180CF69A}.Release|x64.Build.0 = Release|x64
		{D83D305F-5127-48B5-8995-DFFBB2BE95B9}.Debug|x64.ActiveCfg = Debug|x64
		{D83D305F-5127-48B5-8995-DFFBB2BE95B9}.Debug|x64.Build.0 = Debug|x64
		{D83D305F-5127-48B5-8995-DFFBB2BE95B9}.Release|x64.ActiveCfg = Release|x64
		{D83D305F-5127-48B5-8995-DFFBB2BE95B9}.Release|x64.Build.0 = Release|x64
		{7189FA0A-DE18-4CB8-B058-12E5449A4373}.Debug|x64.ActiveCfg = Debug|x64
		{7189FA0A-DE18-4CB8-B058-12E5449A4373}.Debug|x64.Build.0 = Debug|x64
		{7189FA0A-DE18-4CB8-B058-12E5449A4373}.Release|x64.ActiveCfg = Release|x64
		{7189FA0A-DE18-4CB8-B058-12E5449A4373}.Release|x64.Build.0 = Release|x64
		{242D0738-AA4C-4C9C-A218-891A8F55559C}.Debug|x64.ActiveCfg = Debug|x64
		{242D0738-AA4C-4C9C-A218-891A8F55559C}.Debug|x64.Build.0 = Debug|x64
		{242D0738-AA4C-4C9C-A218-891A8F55559C}.Release|x64.ActiveCfg = Release|x64
		{242D0738-AA4C-4C9C-A218-891A8F55559C}.Release|x64.Build.0 = Release|x64
		{0A55F475-BD38-4184-AF11-DC5CFA3E7E3A}.Debug|x64.ActiveCfg = Debug|x64
		{0A55F475-BD38-4184-AF11-DC5CFA3E7E3A}.Debug|x64.Build.0 = Debug|x64
		{0A55F475-BD38-4184-AF11-DC5CFA3E7E3A}.Release|x64.ActiveCfg = Release|x64
		{0A55F475-BD38-4184-AF11-DC5CFA3E7E3A}.Release|x64.Build.0 = Release|x64
		{669A7448-75A1-44A3-BB02-C9F96564037D}.Debug|x64.ActiveCfg = Debug|x64
		{669A7448-75A1-44A3-BB02-C9F96564037D}.Debug|x64.Build.0 = Debug|x64
		{669A7448-75A1-44A3-BB02-C9F96564037D}.Release|x64.ActiveCfg = Release|x64
		{669A7448-75A1-44A3-BB02-C9F96564037D}.Release|x64.Build.0 = Release|x64
		{1667BB83-E5EC-4C2D-894C-B24DF8CF154C}.Debug|x64.ActiveCfg = Debug|x64
		{1667BB83-E5EC-4C2D-894C-B24DF8CF154C}.Debug|x64.Build.0 = Debug|x64
		{1667BB83-E5EC-4C2D-894C-B24DF8CF154C}.Release|x64.ActiveCfg = Release|x64
		{1667BB83-E5EC-4C2D-894C-B24DF8CF154C}.Release|x64.Build.0 = Release|x64
		{2F2E00FA-694C-4A3D-BC83-710D35426782}.Debug|x64.ActiveCfg = Debug|x64
		{2F2E00FA-694C-4A3D-BC83-710D35426782}.Debug|x64.Build.0 = Debug|x64
		{2F2E00FA-694C-4A3D-BC83-710D35426782}.Release|x64.ActiveCfg = Release|x64
		{2F2E00FA-694C-4A3D-BC83-710D35426782}.Release|x64.Build.0 = Release|x64
		{FBD60CD3-9F8E-4E61-916F-E4AD4D589DF2}.Debug|x64.ActiveCfg = Debug|x64
		{FBD60CD3-9F8E-4E61-916F-E4AD4D589DF2}.Debug|x64.Build.0 = Debug|x64
		{FBD60CD3-9F8E-4E61-916F-E4AD4D589DF2}.Release|x64.ActiveCfg = Release|x64
		{FBD60CD3-9F8E-4E61-916F-E4AD4D589DF2}.Release|x64.Build.0 = Release|x64
		{7EC6FA5E-416E-450B-9722-368B9F3103DF}.Debug|x64.ActiveCfg = Debug|x64
		{7EC6FA5E-416E-450B-9722-368B9F3103DF}.Debug|x64.Build.0 = Debug|x64
		{7EC6FA5E-416E-450B-9722-368B9F3103DF}.Release|x64.ActiveCfg = Release|x64
		{7EC6FA5E-416E-450B-9722-368B9F3103DF}.Release|x64.Build.0 = Release|x64
		{6EF801A1-63D2-4197-B5FA-D6C5A0594A60}.Debug|x64.ActiveCfg = Debug|x64
		{6EF801A1-63D2-4197-B5FA-D6C5A0594A60}.Debug|x64.Build.0 = Debug|x64
		{6EF801A1-63D2-4197-B5FA-D6C5A0594A60}.Release|x64.ActiveCfg = Release|x64
		{6EF801A1-63D2-4197-B5FA-D6C5A0594A60}.Release|x64.Build.0 = Release|x64
		{8613C85B-B1FD-4CB9-A107-316B6EB4A9FB}.Debug|x64.ActiveCfg = Debug|x64
		{8613C85B-B1FD-4CB9-A107-316B6EB4A9FB}.Debug|x64.Build.0 = Debug|x64
		{8613C85B-B1FD-4CB9-A107-316B6EB4A9FB}.Release|x64.ActiveCfg = Release|x64
		{8613C85B-B1FD-4CB9-A107-316B6EB4A9FB}.Release|x64.Build.0 = Release|x64
		{1DD8D292-2312-453E-8B76-B41B9F822C6E}.Debug|x64.ActiveCfg = Debug|x64
		{1DD8D292-2312-453E-8B76-B41B9F822C6E}.Debug|x64.Build.0 = Debug|x64
		{1DD8D292-2312-453E-8B76-B41B9F822C6E}.Release|x64.ActiveCfg = Release|x64
		{1DD8D292-2312-453E-8B76-B41B9F822C6E}.Release|x64.Build.0 = Release|x64
		{E63F94E8-23C9-4730-918C-2423076B855A}.Debug|x64.ActiveCfg = Debug|x64
		{E63F94E8-23C9-4730-918C-2423076B855A}.Debug|x64.Build.0 = Debug|x64
		{E63F94E8-23C9-4730-918C-2423076B855A}.Release|x64.ActiveCfg = Release|x64
		{E63F94E8-23C9-4730-918C-2423076B855A}.Release|x64.Build.0 = Release|x64
		{A00DAC02-7E49-4822-8845-80DC186145F4}.Debug|x64.ActiveCfg = Debug|x64
		{A00DAC02-7E49-4822-8845-80DC186145F4}.Debug|x64.Build.0 = Debug|x64
		{A00DAC02-7E49-4822-8845-80DC186145F4}.Release|x64.ActiveCfg = Release|x64
		{A00DAC02-7E49-4822-8845-80DC186145F4}.Release|x64.Build.0 = Release|x64
	EndGlobalSection
	GlobalSection(SolutionProperties) = preSolution
		HideSolutionNode = FALSE
	EndGlobalSection
	GlobalSection(NestedProjects) = preSolution
		{1164E433-3016-4687-8C4B-D772CB3B42C5} = {74840258-ADDD-4760-98AD-2BD46F5E31C6}
		{047857BA-DAA3-4CA7-AFB8-A1B082B28C6A} = {0F125B96-D76D-4376-A62A-1559D388273F}
		{C98A6CD6-9422-4B35-8B7A-F520D75534D1} = {0F125B96-D76D-4376-A62A-1559D388273F}
		{F27A289E-3376-4653-89F3-D19C1ECABF33} = {0F125B96-D76D-4376-A62A-1559D388273F}
		{78A8A0BB-4B7C-43E6-B05E-A128180CF69A} = {74840258-ADDD-4760-98AD-2BD46F5E31C6}
		{D83D305F-5127-48B5-8995-DFFBB2BE95B9} = {74840258-ADDD-4760-98AD-2BD46F5E31C6}
		{7189FA0A-DE18-4CB8-B058-12E5449A4373} = {74840258-ADDD-4760-98AD-2BD46F5E31C6}
		{242D0738-AA4C-4C9C-A218-891A8F55559C} = {0F125B96-D76D-4376-A62A-1559D388273F}
		{0A55F475-BD38-4184-AF11-DC5CFA3E7E3A} = {74840258-ADDD-4760-98AD-2BD46F5E31C6}
		{669A7448-75A1-44A3-BB02-C9F96564037D} = {74840258-ADDD-4760-98AD-2BD46F5E31C6}
		{1667BB83-E5EC-4C2D-894C-B24DF8CF154C} = {74840258-ADDD-4760-98AD-2BD46F5E31C6}
		{74840258-ADDD-4760-98AD-2BD46F5E31C6} = {26973D13-0D42-46E3-98F7-4807386B173A}
		{2B5008B5-BCB1-4107-B355-0ABCF04A635C} = {26973D13-0D42-46E3-98F7-4807386B173A}
		{2F2E00FA-694C-4A3D-BC83-710D35426782} = {438E6E61-E3AD-418F-9D07-7BE863BE345A}
		{FBD60CD3-9F8E-4E61-916F-E4AD4D589DF2} = {74840258-ADDD-4760-98AD-2BD46F5E31C6}
		{7EC6FA5E-416E-450B-9722-368B9F3103DF} = {2B5008B5-BCB1-4107-B355-0ABCF04A635C}
		{6EF801A1-63D2-4197-B5FA-D6C5A0594A60} = {2B5008B5-BCB1-4107-B355-0ABCF04A635C}
		{8613C85B-B1FD-4CB9-A107-316B6EB4A9FB} = {2B5008B5-BCB1-4107-B355-0ABCF04A635C}
		{1DD8D292-2312-453E-8B76-B41B9F822C6E} = {2B5008B5-BCB1-4107-B355-0ABCF04A635C}
		{E63F94E8-23C9-4730-918C-2423076B855A} = {2B5008B5-BCB1-4107-B355-0ABCF04A635C}
		{A00DAC02-7E49-4822-8845-80DC186145F4} = {2B5008B5-BCB1-4107-B355-0ABCF04A635C}
	EndGlobalSection
EndGlobal
